Microsoft Visual Studio Solution File, Format Version 11.00
# Visual Studio 2019

Project("{8BC9CEB8-8B4A-11D0-8D11-00A0C91BC942}") = "SDRNN_7to1 - App", "SDRNN_7to1_App.vcxproj", "{8DF5565C-C8A8-A592-2C12-7F87D68B3D9E}"
EndProject
Global
	GlobalSection(SolutionConfigurationPlatforms) = preSolution
		Debug|x64 = Debug|x64
		Release|x64 = Release|x64
	EndGlobalSection
	GlobalSection(ProjectConfigurationPlatforms) = postSolution
		{8DF5565C-C8A8-A592-2C12-7F87D68B3D9E}.Debug|x64.ActiveCfg = Debug|x64
		{8DF5565C-C8A8-A592-2C12-7F87D68B3D9E}.Debug|x64.Build.0 = Debug|x64
		{8DF5565C-C8A8-A592-2C12-7F87D68B3D9E}.Release|x64.ActiveCfg = Release|x64
		{8DF5565C-C8A8-A592-2C12-7F87D68B3D9E}.Release|x64.Build.0 = Release|x64
	EndGlobalSection
	GlobalSection(SolutionProperties) = preSolution
		HideSolutionNode = FALSE
	EndGlobalSection
EndGlobal
