
Microsoft Visual Studio Solution File, Format Version 12.00
# Visual Studio Version 16
VisualStudioVersion = 16.0.30621.155
MinimumVisualStudioVersion = 10.0.40219.1
Project("{8BC9CEB8-8B4A-11D0-8D11-00A0C91BC942}") = "NeuralNetworks", "NeuralNetworks.vcxproj", "{BA3742FA-BA0E-40B9-AB85-037B2EBF3C79}"
EndProject
Global
	GlobalSection(SolutionConfigurationPlatforms) = preSolution
		Debug|x64 = Debug|x64
		Debug|x86 = Debug|x86
		Release|x64 = Release|x64
		Release|x86 = Release|x86
	EndGlobalSection
	GlobalSection(ProjectConfigurationPlatforms) = postSolution
		{BA3742FA-BA0E-40B9-AB85-037B2EBF3C79}.Debug|x64.ActiveCfg = Debug|x64
		{BA3742FA-BA0E-40B9-AB85-037B2EBF3C79}.Debug|x64.Build.0 = Debug|x64
		{BA3742FA-BA0E-40B9-AB85-037B2EBF3C79}.Debug|x86.ActiveCfg = Debug|Win32
		{BA3742FA-BA0E-40B9-AB85-037B2EBF3C79}.Debug|x86.Build.0 = Debug|Win32
		{BA3742FA-BA0E-40B9-AB85-037B2EBF3C79}.Release|x64.ActiveCfg = Release|x64
		{BA3742FA-BA0E-40B9-AB85-037B2EBF3C79}.Release|x64.Build.0 = Release|x64
		{BA3742FA-BA0E-40B9-AB85-037B2EBF3C79}.Release|x86.ActiveCfg = Release|Win32
		{BA3742FA-BA0E-40B9-AB85-037B2EBF3C79}.Release|x86.Build.0 = Release|Win32
	EndGlobalSection
	GlobalSection(SolutionProperties) = preSolution
		HideSolutionNode = FALSE
	EndGlobalSection
	GlobalSection(ExtensibilityGlobals) = postSolution
		SolutionGuid = {3202A2D5-9B50-41A9-95E7-C7D7D6F32084}
	EndGlobalSection
EndGlobal
